
Microsoft Visual Studio Solution File, Format Version 12.00
# Visual Studio Version 17
VisualStudioVersion = 17.8.34330.188
MinimumVisualStudioVersion = 10.0.40219.1
Project("{FAE04EC0-301F-11D3-BF4B-00C04F79EFBC}") = "if else", "if else.csproj", "{723B5C36-8DD9-4467-9A7C-24EB50BDE25B}"
EndProject
Global
	GlobalSection(SolutionConfigurationPlatforms) = preSolution
		Debug|Any CPU = Debug|Any CPU
		Release|Any CPU = Release|Any CPU
	EndGlobalSection
	GlobalSection(ProjectConfigurationPlatforms) = postSolution
		{723B5C36-8DD9-4467-9A7C-24EB50BDE25B}.Debug|Any CPU.ActiveCfg = Debug|Any CPU
		{723B5C36-8DD9-4467-9A7C-24EB50BDE25B}.Debug|Any CPU.Build.0 = Debug|Any CPU
		{723B5C36-8DD9-4467-9A7C-24EB50BDE25B}.Release|Any CPU.ActiveCfg = Release|Any CPU
		{723B5C36-8DD9-4467-9A7C-24EB50BDE25B}.Release|Any CPU.Build.0 = Release|Any CPU
	EndGlobalSection
	GlobalSection(SolutionProperties) = preSolution
		HideSolutionNode = FALSE
	EndGlobalSection
	GlobalSection(ExtensibilityGlobals) = postSolution
		SolutionGuid = {5B970D19-A1C3-4551-9D11-A2A015BFE267}
	EndGlobalSection
EndGlobal
