
Microsoft Visual Studio Solution File, Format Version 12.00
# Visual Studio Version 17
VisualStudioVersion = 17.4.33213.308
MinimumVisualStudioVersion = 10.0.40219.1
Project("{FAE04EC0-301F-11D3-BF4B-00C04F79EFBC}") = "Atividade 1", "Atividade 1.csproj", "{039B3F24-EB1C-4AEB-ABDE-57B62838E233}"
EndProject
Global
	GlobalSection(SolutionConfigurationPlatforms) = preSolution
		Debug|Any CPU = Debug|Any CPU
		Release|Any CPU = Release|Any CPU
	EndGlobalSection
	GlobalSection(ProjectConfigurationPlatforms) = postSolution
		{039B3F24-EB1C-4AEB-ABDE-57B62838E233}.Debug|Any CPU.ActiveCfg = Debug|Any CPU
		{039B3F24-EB1C-4AEB-ABDE-57B62838E233}.Debug|Any CPU.Build.0 = Debug|Any CPU
		{039B3F24-EB1C-4AEB-ABDE-57B62838E233}.Release|Any CPU.ActiveCfg = Release|Any CPU
		{039B3F24-EB1C-4AEB-ABDE-57B62838E233}.Release|Any CPU.Build.0 = Release|Any CPU
	EndGlobalSection
	GlobalSection(SolutionProperties) = preSolution
		HideSolutionNode = FALSE
	EndGlobalSection
	GlobalSection(ExtensibilityGlobals) = postSolution
		SolutionGuid = {40E54D16-A718-4742-93E7-DFF43C86D000}
	EndGlobalSection
EndGlobal
