
Microsoft Visual Studio Solution File, Format Version 12.00
# Visual Studio Version 17
VisualStudioVersion = 17.8.34330.188
MinimumVisualStudioVersion = 10.0.40219.1
Project("{FAE04EC0-301F-11D3-BF4B-00C04F79EFBC}") = "conversão de numeros por extenso", "conversão de numeros por extenso.csproj", "{A3231D10-AEFA-4A4C-8C96-C6D92D22232C}"
EndProject
Global
	GlobalSection(SolutionConfigurationPlatforms) = preSolution
		Debug|Any CPU = Debug|Any CPU
		Release|Any CPU = Release|Any CPU
	EndGlobalSection
	GlobalSection(ProjectConfigurationPlatforms) = postSolution
		{A3231D10-AEFA-4A4C-8C96-C6D92D22232C}.Debug|Any CPU.ActiveCfg = Debug|Any CPU
		{A3231D10-AEFA-4A4C-8C96-C6D92D22232C}.Debug|Any CPU.Build.0 = Debug|Any CPU
		{A3231D10-AEFA-4A4C-8C96-C6D92D22232C}.Release|Any CPU.ActiveCfg = Release|Any CPU
		{A3231D10-AEFA-4A4C-8C96-C6D92D22232C}.Release|Any CPU.Build.0 = Release|Any CPU
	EndGlobalSection
	GlobalSection(SolutionProperties) = preSolution
		HideSolutionNode = FALSE
	EndGlobalSection
	GlobalSection(ExtensibilityGlobals) = postSolution
		SolutionGuid = {D00F3E01-D5CD-4B99-99D0-E345934BF02C}
	EndGlobalSection
EndGlobal
