
Microsoft Visual Studio Solution File, Format Version 12.00
# Visual Studio Version 17
VisualStudioVersion = 17.8.34330.188
MinimumVisualStudioVersion = 10.0.40219.1
Project("{FAE04EC0-301F-11D3-BF4B-00C04F79EFBC}") = "variaveis", "variaveis.csproj", "{B49912E7-DB57-4BC6-804E-32D000B56428}"
EndProject
Global
	GlobalSection(SolutionConfigurationPlatforms) = preSolution
		Debug|Any CPU = Debug|Any CPU
		Release|Any CPU = Release|Any CPU
	EndGlobalSection
	GlobalSection(ProjectConfigurationPlatforms) = postSolution
		{B49912E7-DB57-4BC6-804E-32D000B56428}.Debug|Any CPU.ActiveCfg = Debug|Any CPU
		{B49912E7-DB57-4BC6-804E-32D000B56428}.Debug|Any CPU.Build.0 = Debug|Any CPU
		{B49912E7-DB57-4BC6-804E-32D000B56428}.Release|Any CPU.ActiveCfg = Release|Any CPU
		{B49912E7-DB57-4BC6-804E-32D000B56428}.Release|Any CPU.Build.0 = Release|Any CPU
	EndGlobalSection
	GlobalSection(SolutionProperties) = preSolution
		HideSolutionNode = FALSE
	EndGlobalSection
	GlobalSection(ExtensibilityGlobals) = postSolution
		SolutionGuid = {6762E188-12E5-4072-8D51-DEBC8D1719CC}
	EndGlobalSection
EndGlobal
